
Microsoft Visual Studio Solution File, Format Version 12.00
Project("{FAE04EC0-301F-11D3-BF4B-00C04F79EFBC}") = "0-CustomScreenEffect", "0-CustomScreenEffect.csproj", "{AD494ACC-E5CC-4EEB-914D-F20A6C771AB4}"
EndProject
Global
	GlobalSection(SolutionConfigurationPlatforms) = preSolution
		Debug|Any CPU = Debug|Any CPU
		Release|Any CPU = Release|Any CPU
	EndGlobalSection
	GlobalSection(ProjectConfigurationPlatforms) = postSolution
		{AD494ACC-E5CC-4EEB-914D-F20A6C771AB4}.Debug|Any CPU.ActiveCfg = Debug|Any CPU
		{AD494ACC-E5CC-4EEB-914D-F20A6C771AB4}.Debug|Any CPU.Build.0 = Debug|Any CPU
		{AD494ACC-E5CC-4EEB-914D-F20A6C771AB4}.Release|Any CPU.ActiveCfg = Release|Any CPU
		{AD494ACC-E5CC-4EEB-914D-F20A6C771AB4}.Release|Any CPU.Build.0 = Release|Any CPU
	EndGlobalSection
EndGlobal
